// !$*UTF8*$!
{
	archiveVersion = 1;
	classes = {
	};
	objectVersion = 50;
	objects = {

/* Begin PBXBuildFile section */
		65870AB874C0413C405FA681 /* Pods_Educat.framework in Frameworks */ = {isa = PBXBuildFile; fileRef = A751B9C65274B1762123028E /* Pods_Educat.framework */; };
		6EA57AC0FE237AC2DE6A911B /* Pods_EducatTests.framework in Frameworks */ = {isa = PBXBuildFile; fileRef = 9147A99904EEE9A0470BA231 /* Pods_EducatTests.framework */; };
		83491366D6C5B3532004687A /* Pods_EducatUITests.framework in Frameworks */ = {isa = PBXBuildFile; fileRef = 9F857350D1AEFBED14FAD7D6 /* Pods_EducatUITests.framework */; };
		B30C505322F9D1130021824A /* TabBarController.swift in Sources */ = {isa = PBXBuildFile; fileRef = B30C505222F9D1130021824A /* TabBarController.swift */; };
		B30C505522F9DE3D0021824A /* CardConfigurator.swift in Sources */ = {isa = PBXBuildFile; fileRef = B30C505422F9DE3D0021824A /* CardConfigurator.swift */; };
		B3386F5C230A169600AF92E8 /* CardViewControllerAnimator.swift in Sources */ = {isa = PBXBuildFile; fileRef = B3386F5B230A169600AF92E8 /* CardViewControllerAnimator.swift */; };
		B3455C9122D8BD9D00478FFF /* AppDelegate.swift in Sources */ = {isa = PBXBuildFile; fileRef = B3455C9022D8BD9D00478FFF /* AppDelegate.swift */; };
		B3455C9B22D8BDA000478FFF /* Assets.xcassets in Resources */ = {isa = PBXBuildFile; fileRef = B3455C9A22D8BDA000478FFF /* Assets.xcassets */; };
		B3455C9E22D8BDA000478FFF /* LaunchScreen.storyboard in Resources */ = {isa = PBXBuildFile; fileRef = B3455C9C22D8BDA000478FFF /* LaunchScreen.storyboard */; };
		B3455CA922D8BDA000478FFF /* EducatTests.swift in Sources */ = {isa = PBXBuildFile; fileRef = B3455CA822D8BDA000478FFF /* EducatTests.swift */; };
		B3455CB422D8BDA000478FFF /* EducatUITests.swift in Sources */ = {isa = PBXBuildFile; fileRef = B3455CB322D8BDA000478FFF /* EducatUITests.swift */; };
		B352943022F8487000FAC155 /* CardContentView.swift in Sources */ = {isa = PBXBuildFile; fileRef = B352942F22F8487000FAC155 /* CardContentView.swift */; };
		B352943422F878A900FAC155 /* AppContext.swift in Sources */ = {isa = PBXBuildFile; fileRef = B352943322F878A900FAC155 /* AppContext.swift */; };
		B352943622F8793C00FAC155 /* AppContextImpl.swift in Sources */ = {isa = PBXBuildFile; fileRef = B352943522F8793C00FAC155 /* AppContextImpl.swift */; };
		B352943A22F8982000FAC155 /* ECNavigationController.swift in Sources */ = {isa = PBXBuildFile; fileRef = B352943922F8982000FAC155 /* ECNavigationController.swift */; };
		B353EAB822F463B20087DE9D /* CentralWebRequestDispatcher.swift in Sources */ = {isa = PBXBuildFile; fileRef = B353EAB722F463B20087DE9D /* CentralWebRequestDispatcher.swift */; };
		B353EABA22F4642E0087DE9D /* SecurityService.swift in Sources */ = {isa = PBXBuildFile; fileRef = B353EAB922F4642E0087DE9D /* SecurityService.swift */; };
		B36FB94822DE603700E996FF /* UIColor.swift in Sources */ = {isa = PBXBuildFile; fileRef = B36FB94722DE603700E996FF /* UIColor.swift */; };
		B36FB96122E0A12900E996FF /* CircleImageView.swift in Sources */ = {isa = PBXBuildFile; fileRef = B36FB96022E0A12900E996FF /* CircleImageView.swift */; };
		B37D0C3822DD26350065558C /* gradients.swift in Sources */ = {isa = PBXBuildFile; fileRef = B37D0C3722DD26350065558C /* gradients.swift */; };
		B37D0C3E22DE005B0065558C /* PubSubView.swift in Sources */ = {isa = PBXBuildFile; fileRef = B37D0C3D22DE005B0065558C /* PubSubView.swift */; };
		B37DAD0022E8866F001DBCD0 /* appActions.plist in Resources */ = {isa = PBXBuildFile; fileRef = B37DACFF22E8866F001DBCD0 /* appActions.plist */; };
		B37DAD0922E88C20001DBCD0 /* ArticleViewController.swift in Sources */ = {isa = PBXBuildFile; fileRef = B37DAD0822E88C20001DBCD0 /* ArticleViewController.swift */; };
		B37DAD0B22E88C76001DBCD0 /* ArticleRouter.swift in Sources */ = {isa = PBXBuildFile; fileRef = B37DAD0A22E88C76001DBCD0 /* ArticleRouter.swift */; };
		B37DAD0D22E88CA5001DBCD0 /* ArticlePresenter.swift in Sources */ = {isa = PBXBuildFile; fileRef = B37DAD0C22E88CA5001DBCD0 /* ArticlePresenter.swift */; };
		B37DAD0F22E88D17001DBCD0 /* ArticleConfigurator.swift in Sources */ = {isa = PBXBuildFile; fileRef = B37DAD0E22E88D17001DBCD0 /* ArticleConfigurator.swift */; };
		B37DAD1122E88D92001DBCD0 /* ArticleInteractor.swift in Sources */ = {isa = PBXBuildFile; fileRef = B37DAD1022E88D92001DBCD0 /* ArticleInteractor.swift */; };
		B37DAD1822E88EAE001DBCD0 /* FeedRouter.swift in Sources */ = {isa = PBXBuildFile; fileRef = B37DAD1722E88EAE001DBCD0 /* FeedRouter.swift */; };
		B37DAD1A22E88ECC001DBCD0 /* FeedPresenter.swift in Sources */ = {isa = PBXBuildFile; fileRef = B37DAD1922E88ECC001DBCD0 /* FeedPresenter.swift */; };
		B37DAD1C22E88EE8001DBCD0 /* FeedInteractor.swift in Sources */ = {isa = PBXBuildFile; fileRef = B37DAD1B22E88EE8001DBCD0 /* FeedInteractor.swift */; };
		B37DAD1E22E88F0C001DBCD0 /* FeedConfigurator.swift in Sources */ = {isa = PBXBuildFile; fileRef = B37DAD1D22E88F0C001DBCD0 /* FeedConfigurator.swift */; };
		B37DAD2522E890E9001DBCD0 /* ProfileViewController.swift in Sources */ = {isa = PBXBuildFile; fileRef = B37DAD2422E890E9001DBCD0 /* ProfileViewController.swift */; };
		B37DAD2722E89153001DBCD0 /* ProfileConfiguratorImpl.swift in Sources */ = {isa = PBXBuildFile; fileRef = B37DAD2622E89153001DBCD0 /* ProfileConfiguratorImpl.swift */; };
		B37DAD2922E89174001DBCD0 /* ProfileConfigurator.swift in Sources */ = {isa = PBXBuildFile; fileRef = B37DAD2822E89174001DBCD0 /* ProfileConfigurator.swift */; };
		B37DAD2B22E891F3001DBCD0 /* ProfilePresenter.swift in Sources */ = {isa = PBXBuildFile; fileRef = B37DAD2A22E891F3001DBCD0 /* ProfilePresenter.swift */; };
		B37DAD2D22E89257001DBCD0 /* ProfilePresenterImpl.swift in Sources */ = {isa = PBXBuildFile; fileRef = B37DAD2C22E89257001DBCD0 /* ProfilePresenterImpl.swift */; };
		B37DAD2F22E8933A001DBCD0 /* ProfileViewControllerProtocol.swift in Sources */ = {isa = PBXBuildFile; fileRef = B37DAD2E22E8933A001DBCD0 /* ProfileViewControllerProtocol.swift */; };
		B37DAD3122E89369001DBCD0 /* ProfileInteractor.swift in Sources */ = {isa = PBXBuildFile; fileRef = B37DAD3022E89368001DBCD0 /* ProfileInteractor.swift */; };
		B37DAD3322E89385001DBCD0 /* ProfileInteractorImpl.swift in Sources */ = {isa = PBXBuildFile; fileRef = B37DAD3222E89385001DBCD0 /* ProfileInteractorImpl.swift */; };
		B37DAD3522E893CD001DBCD0 /* ProfileRouter.swift in Sources */ = {isa = PBXBuildFile; fileRef = B37DAD3422E893CD001DBCD0 /* ProfileRouter.swift */; };
		B37DAD3722E893F1001DBCD0 /* ProfileRouterImpl.swift in Sources */ = {isa = PBXBuildFile; fileRef = B37DAD3622E893F1001DBCD0 /* ProfileRouterImpl.swift */; };
		B37DAD3F22E8B1D3001DBCD0 /* SignUpViewController.swift in Sources */ = {isa = PBXBuildFile; fileRef = B37DAD3E22E8B1D3001DBCD0 /* SignUpViewController.swift */; };
		B37DAD4122E8B229001DBCD0 /* SignInViewController.swift in Sources */ = {isa = PBXBuildFile; fileRef = B37DAD4022E8B229001DBCD0 /* SignInViewController.swift */; };
		B37DAD4322E8B421001DBCD0 /* CourseMarketViewController.swift in Sources */ = {isa = PBXBuildFile; fileRef = B37DAD4222E8B421001DBCD0 /* CourseMarketViewController.swift */; };
		B37DAD4522E8B494001DBCD0 /* CourseViewController.swift in Sources */ = {isa = PBXBuildFile; fileRef = B37DAD4422E8B494001DBCD0 /* CourseViewController.swift */; };
		B37DAD4822E8B4EF001DBCD0 /* UserViewController.swift in Sources */ = {isa = PBXBuildFile; fileRef = B37DAD4722E8B4EF001DBCD0 /* UserViewController.swift */; };
		B37DAD4B22E8B566001DBCD0 /* ShortDetailedUserView.swift in Sources */ = {isa = PBXBuildFile; fileRef = B37DAD4A22E8B566001DBCD0 /* ShortDetailedUserView.swift */; };
		B37DAD4E22E8B702001DBCD0 /* ShortDetailedArticle.swift in Sources */ = {isa = PBXBuildFile; fileRef = B37DAD4D22E8B702001DBCD0 /* ShortDetailedArticle.swift */; };
		B37DAD5022E8B737001DBCD0 /* Article.swift in Sources */ = {isa = PBXBuildFile; fileRef = B37DAD4F22E8B737001DBCD0 /* Article.swift */; };
		B37DAD5422E8DE03001DBCD0 /* ArticleMetadata.swift in Sources */ = {isa = PBXBuildFile; fileRef = B37DAD5322E8DE03001DBCD0 /* ArticleMetadata.swift */; };
		B37DAD5622E8E011001DBCD0 /* ArticleComponent.swift in Sources */ = {isa = PBXBuildFile; fileRef = B37DAD5522E8E011001DBCD0 /* ArticleComponent.swift */; };
		B37DAD5822E8E077001DBCD0 /* ArticleComponentRole.swift in Sources */ = {isa = PBXBuildFile; fileRef = B37DAD5722E8E077001DBCD0 /* ArticleComponentRole.swift */; };
		B37DAD5B22E8E21C001DBCD0 /* ComponentBuilder.swift in Sources */ = {isa = PBXBuildFile; fileRef = B37DAD5A22E8E21C001DBCD0 /* ComponentBuilder.swift */; };
		B37DAD5D22E8E256001DBCD0 /* ArticleComponentView.swift in Sources */ = {isa = PBXBuildFile; fileRef = B37DAD5C22E8E256001DBCD0 /* ArticleComponentView.swift */; };
		B37DAD6122E9017C001DBCD0 /* ShortDetailedUser.swift in Sources */ = {isa = PBXBuildFile; fileRef = B37DAD6022E9017C001DBCD0 /* ShortDetailedUser.swift */; };
		B37DAD6A22E9E4F0001DBCD0 /* FeedRouterImpl.swift in Sources */ = {isa = PBXBuildFile; fileRef = B37DAD6922E9E4F0001DBCD0 /* FeedRouterImpl.swift */; };
		B37DAD6C22E9E53B001DBCD0 /* FeedInteractorImpl.swift in Sources */ = {isa = PBXBuildFile; fileRef = B37DAD6B22E9E53B001DBCD0 /* FeedInteractorImpl.swift */; };
		B37DAD6E22E9E7C6001DBCD0 /* ArticleService.swift in Sources */ = {isa = PBXBuildFile; fileRef = B37DAD6D22E9E7C6001DBCD0 /* ArticleService.swift */; };
		B37DAD7022E9E88D001DBCD0 /* UserService.swift in Sources */ = {isa = PBXBuildFile; fileRef = B37DAD6F22E9E88D001DBCD0 /* UserService.swift */; };
		B37DAD7222E9FB19001DBCD0 /* DetailedCourseViewController.swift in Sources */ = {isa = PBXBuildFile; fileRef = B37DAD7122E9FB19001DBCD0 /* DetailedCourseViewController.swift */; };
		B37DAD7622EA44F6001DBCD0 /* PubSubStackView.swift in Sources */ = {isa = PBXBuildFile; fileRef = B37DAD7522EA44F6001DBCD0 /* PubSubStackView.swift */; };
		B37DAD7822EA48BC001DBCD0 /* PubSubViewDelegate.swift in Sources */ = {isa = PBXBuildFile; fileRef = B37DAD7722EA48BC001DBCD0 /* PubSubViewDelegate.swift */; };
		B37DAD7A22EA490D001DBCD0 /* PubSubViewDataSource.swift in Sources */ = {isa = PBXBuildFile; fileRef = B37DAD7922EA490D001DBCD0 /* PubSubViewDataSource.swift */; };
		B392505222DC81A8008D560A /* BookmarksViewController.swift in Sources */ = {isa = PBXBuildFile; fileRef = B392505122DC81A8008D560A /* BookmarksViewController.swift */; };
		B392505622DC81DB008D560A /* FeedViewController.swift in Sources */ = {isa = PBXBuildFile; fileRef = B392505522DC81DB008D560A /* FeedViewController.swift */; };
		B392506222DC8851008D560A /* LoginStoryboard.storyboard in Resources */ = {isa = PBXBuildFile; fileRef = B392506122DC8851008D560A /* LoginStoryboard.storyboard */; };
		B3FE5C6522FCD263007888E8 /* User.swift in Sources */ = {isa = PBXBuildFile; fileRef = B3FE5C6422FCD263007888E8 /* User.swift */; };
		B3FE5C6722FE4281007888E8 /* ProfileInformationTableViewCellDelegate.swift in Sources */ = {isa = PBXBuildFile; fileRef = B3FE5C6622FE4281007888E8 /* ProfileInformationTableViewCellDelegate.swift */; };
		B3FE5C6922FE461C007888E8 /* UIView.swift in Sources */ = {isa = PBXBuildFile; fileRef = B3FE5C6822FE461C007888E8 /* UIView.swift */; };
		B3FE5C6C22FF3DD6007888E8 /* Font.swift in Sources */ = {isa = PBXBuildFile; fileRef = B3FE5C6B22FF3DD6007888E8 /* Font.swift */; };
		B3FE5C6E23019251007888E8 /* SettingsViewController.swift in Sources */ = {isa = PBXBuildFile; fileRef = B3FE5C6D23019251007888E8 /* SettingsViewController.swift */; };
		D0BC30B52B0E1571B1949133 /* ProfileInformationTableViewCell.swift in Sources */ = {isa = PBXBuildFile; fileRef = D0BC34D87BC465B6896DE2EE /* ProfileInformationTableViewCell.swift */; };
		D0BC30CBE29ACCBFE841F1BE /* ECTabBarDelegate.swift in Sources */ = {isa = PBXBuildFile; fileRef = D0BC36D42E719EDE28265EFE /* ECTabBarDelegate.swift */; };
		D0BC3262F618DE61BDD9296A /* CardViewController.swift in Sources */ = {isa = PBXBuildFile; fileRef = D0BC345C16C6708F48B094DA /* CardViewController.swift */; };
		D0BC32B44CB0C68F0C4503BB /* UserProfileInfoCollectionViewCell.swift in Sources */ = {isa = PBXBuildFile; fileRef = D0BC3BE8AB7EE2BEC1E669AC /* UserProfileInfoCollectionViewCell.swift */; };
		D0BC33795F9CE53F678B5A57 /* ECViewController.swift in Sources */ = {isa = PBXBuildFile; fileRef = D0BC3D944CE127A8FAE3DA25 /* ECViewController.swift */; };
		D0BC361BAE165FE07257BD2B /* CardInteractor.swift in Sources */ = {isa = PBXBuildFile; fileRef = D0BC3C2FCA36625963259EC0 /* CardInteractor.swift */; };
		D0BC36F613F46EC481B45109 /* ECTabBarController.swift in Sources */ = {isa = PBXBuildFile; fileRef = D0BC310C8B03032CBC1D8997 /* ECTabBarController.swift */; };
		D0BC377459A46C92F477C047 /* CardPresenterImpl.swift in Sources */ = {isa = PBXBuildFile; fileRef = D0BC3BC09B79D0A1FBEA96EE /* CardPresenterImpl.swift */; };
		D0BC3A02A0B6B76F29F848D5 /* CardInteractorImpl.swift in Sources */ = {isa = PBXBuildFile; fileRef = D0BC3F06B2F1F9EBD51EFF67 /* CardInteractorImpl.swift */; };
		D0BC3CF1053AF538D4D089D4 /* ECTabBarItemDelegate.swift in Sources */ = {isa = PBXBuildFile; fileRef = D0BC38A55E4D6EB8A3824E00 /* ECTabBarItemDelegate.swift */; };
		D0BC3E21741D64EB090A4F0E /* ECTabBar.swift in Sources */ = {isa = PBXBuildFile; fileRef = D0BC36506301A0BF2CE91947 /* ECTabBar.swift */; };
		D0BC3E973713CA989FD23D41 /* ECTabBarItem.swift in Sources */ = {isa = PBXBuildFile; fileRef = D0BC36E0B4D644B629A0D173 /* ECTabBarItem.swift */; };
		D0BC3F9FF673814B63760D62 /* CardPresenter.swift in Sources */ = {isa = PBXBuildFile; fileRef = D0BC35949DD1F628B3C0E1E0 /* CardPresenter.swift */; };
/* End PBXBuildFile section */

/* Begin PBXContainerItemProxy section */
		B3455CA522D8BDA000478FFF /* PBXContainerItemProxy */ = {
			isa = PBXContainerItemProxy;
			containerPortal = B3455C8522D8BD9D00478FFF /* Project object */;
			proxyType = 1;
			remoteGlobalIDString = B3455C8C22D8BD9D00478FFF;
			remoteInfo = Educat;
		};
		B3455CB022D8BDA000478FFF /* PBXContainerItemProxy */ = {
			isa = PBXContainerItemProxy;
			containerPortal = B3455C8522D8BD9D00478FFF /* Project object */;
			proxyType = 1;
			remoteGlobalIDString = B3455C8C22D8BD9D00478FFF;
			remoteInfo = Educat;
		};
/* End PBXContainerItemProxy section */

/* Begin PBXFileReference section */
		0DBE4F884695008F11CFE1E0 /* Pods-Educat.debug.xcconfig */ = {isa = PBXFileReference; includeInIndex = 1; lastKnownFileType = text.xcconfig; name = "Pods-Educat.debug.xcconfig"; path = "Pods/Target Support Files/Pods-Educat/Pods-Educat.debug.xcconfig"; sourceTree = "<group>"; };
		0E9A083B55AE4A01C9D357DA /* Pods-EducatTests.release.xcconfig */ = {isa = PBXFileReference; includeInIndex = 1; lastKnownFileType = text.xcconfig; name = "Pods-EducatTests.release.xcconfig"; path = "Pods/Target Support Files/Pods-EducatTests/Pods-EducatTests.release.xcconfig"; sourceTree = "<group>"; };
		23DC27A14E3AD5B57B27B32D /* Pods-EducatUITests.debug.xcconfig */ = {isa = PBXFileReference; includeInIndex = 1; lastKnownFileType = text.xcconfig; name = "Pods-EducatUITests.debug.xcconfig"; path = "Pods/Target Support Files/Pods-EducatUITests/Pods-EducatUITests.debug.xcconfig"; sourceTree = "<group>"; };
		5D01938E46839DD157452C9A /* Pods-Educat.release.xcconfig */ = {isa = PBXFileReference; includeInIndex = 1; lastKnownFileType = text.xcconfig; name = "Pods-Educat.release.xcconfig"; path = "Pods/Target Support Files/Pods-Educat/Pods-Educat.release.xcconfig"; sourceTree = "<group>"; };
		701913FD4A2A74E6C554243A /* Pods-EducatUITests.release.xcconfig */ = {isa = PBXFileReference; includeInIndex = 1; lastKnownFileType = text.xcconfig; name = "Pods-EducatUITests.release.xcconfig"; path = "Pods/Target Support Files/Pods-EducatUITests/Pods-EducatUITests.release.xcconfig"; sourceTree = "<group>"; };
		9147A99904EEE9A0470BA231 /* Pods_EducatTests.framework */ = {isa = PBXFileReference; explicitFileType = wrapper.framework; includeInIndex = 0; path = Pods_EducatTests.framework; sourceTree = BUILT_PRODUCTS_DIR; };
		9F857350D1AEFBED14FAD7D6 /* Pods_EducatUITests.framework */ = {isa = PBXFileReference; explicitFileType = wrapper.framework; includeInIndex = 0; path = Pods_EducatUITests.framework; sourceTree = BUILT_PRODUCTS_DIR; };
		A751B9C65274B1762123028E /* Pods_Educat.framework */ = {isa = PBXFileReference; explicitFileType = wrapper.framework; includeInIndex = 0; path = Pods_Educat.framework; sourceTree = BUILT_PRODUCTS_DIR; };
		B30C505222F9D1130021824A /* TabBarController.swift */ = {isa = PBXFileReference; lastKnownFileType = sourcecode.swift; path = TabBarController.swift; sourceTree = "<group>"; };
		B30C505422F9DE3D0021824A /* CardConfigurator.swift */ = {isa = PBXFileReference; lastKnownFileType = sourcecode.swift; path = CardConfigurator.swift; sourceTree = "<group>"; };
		B3386F5B230A169600AF92E8 /* CardViewControllerAnimator.swift */ = {isa = PBXFileReference; lastKnownFileType = sourcecode.swift; path = CardViewControllerAnimator.swift; sourceTree = "<group>"; };
		B3455C8D22D8BD9D00478FFF /* Educat.app */ = {isa = PBXFileReference; explicitFileType = wrapper.application; includeInIndex = 0; path = Educat.app; sourceTree = BUILT_PRODUCTS_DIR; };
		B3455C9022D8BD9D00478FFF /* AppDelegate.swift */ = {isa = PBXFileReference; lastKnownFileType = sourcecode.swift; path = AppDelegate.swift; sourceTree = "<group>"; };
		B3455C9A22D8BDA000478FFF /* Assets.xcassets */ = {isa = PBXFileReference; lastKnownFileType = folder.assetcatalog; path = Assets.xcassets; sourceTree = "<group>"; };
		B3455C9D22D8BDA000478FFF /* Base */ = {isa = PBXFileReference; lastKnownFileType = file.storyboard; name = Base; path = Base.lproj/LaunchScreen.storyboard; sourceTree = "<group>"; };
		B3455C9F22D8BDA000478FFF /* Info.plist */ = {isa = PBXFileReference; lastKnownFileType = text.plist.xml; path = Info.plist; sourceTree = "<group>"; };
		B3455CA422D8BDA000478FFF /* EducatTests.xctest */ = {isa = PBXFileReference; explicitFileType = wrapper.cfbundle; includeInIndex = 0; path = EducatTests.xctest; sourceTree = BUILT_PRODUCTS_DIR; };
		B3455CA822D8BDA000478FFF /* EducatTests.swift */ = {isa = PBXFileReference; lastKnownFileType = sourcecode.swift; path = EducatTests.swift; sourceTree = "<group>"; };
		B3455CAA22D8BDA000478FFF /* Info.plist */ = {isa = PBXFileReference; lastKnownFileType = text.plist.xml; path = Info.plist; sourceTree = "<group>"; };
		B3455CAF22D8BDA000478FFF /* EducatUITests.xctest */ = {isa = PBXFileReference; explicitFileType = wrapper.cfbundle; includeInIndex = 0; path = EducatUITests.xctest; sourceTree = BUILT_PRODUCTS_DIR; };
		B3455CB322D8BDA000478FFF /* EducatUITests.swift */ = {isa = PBXFileReference; lastKnownFileType = sourcecode.swift; path = EducatUITests.swift; sourceTree = "<group>"; };
		B3455CB522D8BDA000478FFF /* Info.plist */ = {isa = PBXFileReference; lastKnownFileType = text.plist.xml; path = Info.plist; sourceTree = "<group>"; };
		B352942F22F8487000FAC155 /* CardContentView.swift */ = {isa = PBXFileReference; lastKnownFileType = sourcecode.swift; path = CardContentView.swift; sourceTree = "<group>"; };
		B352943322F878A900FAC155 /* AppContext.swift */ = {isa = PBXFileReference; lastKnownFileType = sourcecode.swift; path = AppContext.swift; sourceTree = "<group>"; };
		B352943522F8793C00FAC155 /* AppContextImpl.swift */ = {isa = PBXFileReference; lastKnownFileType = sourcecode.swift; path = AppContextImpl.swift; sourceTree = "<group>"; };
		B352943922F8982000FAC155 /* ECNavigationController.swift */ = {isa = PBXFileReference; lastKnownFileType = sourcecode.swift; path = ECNavigationController.swift; sourceTree = "<group>"; };
		B353EAB722F463B20087DE9D /* CentralWebRequestDispatcher.swift */ = {isa = PBXFileReference; lastKnownFileType = sourcecode.swift; path = CentralWebRequestDispatcher.swift; sourceTree = "<group>"; };
		B353EAB922F4642E0087DE9D /* SecurityService.swift */ = {isa = PBXFileReference; lastKnownFileType = sourcecode.swift; path = SecurityService.swift; sourceTree = "<group>"; };
		B36FB94722DE603700E996FF /* UIColor.swift */ = {isa = PBXFileReference; lastKnownFileType = sourcecode.swift; path = UIColor.swift; sourceTree = "<group>"; };
		B36FB96022E0A12900E996FF /* CircleImageView.swift */ = {isa = PBXFileReference; lastKnownFileType = sourcecode.swift; path = CircleImageView.swift; sourceTree = "<group>"; };
		B37D0C3722DD26350065558C /* gradients.swift */ = {isa = PBXFileReference; lastKnownFileType = sourcecode.swift; path = gradients.swift; sourceTree = "<group>"; };
		B37D0C3D22DE005B0065558C /* PubSubView.swift */ = {isa = PBXFileReference; lastKnownFileType = sourcecode.swift; path = PubSubView.swift; sourceTree = "<group>"; };
		B37DACFF22E8866F001DBCD0 /* appActions.plist */ = {isa = PBXFileReference; lastKnownFileType = text.plist.xml; path = appActions.plist; sourceTree = "<group>"; };
		B37DAD0822E88C20001DBCD0 /* ArticleViewController.swift */ = {isa = PBXFileReference; lastKnownFileType = sourcecode.swift; path = ArticleViewController.swift; sourceTree = "<group>"; };
		B37DAD0A22E88C76001DBCD0 /* ArticleRouter.swift */ = {isa = PBXFileReference; lastKnownFileType = sourcecode.swift; path = ArticleRouter.swift; sourceTree = "<group>"; };
		B37DAD0C22E88CA5001DBCD0 /* ArticlePresenter.swift */ = {isa = PBXFileReference; lastKnownFileType = sourcecode.swift; path = ArticlePresenter.swift; sourceTree = "<group>"; };
		B37DAD0E22E88D17001DBCD0 /* ArticleConfigurator.swift */ = {isa = PBXFileReference; lastKnownFileType = sourcecode.swift; path = ArticleConfigurator.swift; sourceTree = "<group>"; };
		B37DAD1022E88D92001DBCD0 /* ArticleInteractor.swift */ = {isa = PBXFileReference; lastKnownFileType = sourcecode.swift; path = ArticleInteractor.swift; sourceTree = "<group>"; };
		B37DAD1722E88EAE001DBCD0 /* FeedRouter.swift */ = {isa = PBXFileReference; lastKnownFileType = sourcecode.swift; path = FeedRouter.swift; sourceTree = "<group>"; };
		B37DAD1922E88ECC001DBCD0 /* FeedPresenter.swift */ = {isa = PBXFileReference; lastKnownFileType = sourcecode.swift; path = FeedPresenter.swift; sourceTree = "<group>"; };
		B37DAD1B22E88EE8001DBCD0 /* FeedInteractor.swift */ = {isa = PBXFileReference; lastKnownFileType = sourcecode.swift; path = FeedInteractor.swift; sourceTree = "<group>"; };
		B37DAD1D22E88F0C001DBCD0 /* FeedConfigurator.swift */ = {isa = PBXFileReference; lastKnownFileType = sourcecode.swift; path = FeedConfigurator.swift; sourceTree = "<group>"; };
		B37DAD2422E890E9001DBCD0 /* ProfileViewController.swift */ = {isa = PBXFileReference; lastKnownFileType = sourcecode.swift; path = ProfileViewController.swift; sourceTree = "<group>"; };
		B37DAD2622E89153001DBCD0 /* ProfileConfiguratorImpl.swift */ = {isa = PBXFileReference; lastKnownFileType = sourcecode.swift; path = ProfileConfiguratorImpl.swift; sourceTree = "<group>"; };
		B37DAD2822E89174001DBCD0 /* ProfileConfigurator.swift */ = {isa = PBXFileReference; lastKnownFileType = sourcecode.swift; path = ProfileConfigurator.swift; sourceTree = "<group>"; };
		B37DAD2A22E891F3001DBCD0 /* ProfilePresenter.swift */ = {isa = PBXFileReference; lastKnownFileType = sourcecode.swift; path = ProfilePresenter.swift; sourceTree = "<group>"; };
		B37DAD2C22E89257001DBCD0 /* ProfilePresenterImpl.swift */ = {isa = PBXFileReference; lastKnownFileType = sourcecode.swift; path = ProfilePresenterImpl.swift; sourceTree = "<group>"; };
		B37DAD2E22E8933A001DBCD0 /* ProfileViewControllerProtocol.swift */ = {isa = PBXFileReference; lastKnownFileType = sourcecode.swift; path = ProfileViewControllerProtocol.swift; sourceTree = "<group>"; };
		B37DAD3022E89368001DBCD0 /* ProfileInteractor.swift */ = {isa = PBXFileReference; lastKnownFileType = sourcecode.swift; path = ProfileInteractor.swift; sourceTree = "<group>"; };
		B37DAD3222E89385001DBCD0 /* ProfileInteractorImpl.swift */ = {isa = PBXFileReference; lastKnownFileType = sourcecode.swift; path = ProfileInteractorImpl.swift; sourceTree = "<group>"; };
		B37DAD3422E893CD001DBCD0 /* ProfileRouter.swift */ = {isa = PBXFileReference; lastKnownFileType = sourcecode.swift; path = ProfileRouter.swift; sourceTree = "<group>"; };
		B37DAD3622E893F1001DBCD0 /* ProfileRouterImpl.swift */ = {isa = PBXFileReference; lastKnownFileType = sourcecode.swift; path = ProfileRouterImpl.swift; sourceTree = "<group>"; };
		B37DAD3E22E8B1D3001DBCD0 /* SignUpViewController.swift */ = {isa = PBXFileReference; lastKnownFileType = sourcecode.swift; path = SignUpViewController.swift; sourceTree = "<group>"; };
		B37DAD4022E8B229001DBCD0 /* SignInViewController.swift */ = {isa = PBXFileReference; lastKnownFileType = sourcecode.swift; path = SignInViewController.swift; sourceTree = "<group>"; };
		B37DAD4222E8B421001DBCD0 /* CourseMarketViewController.swift */ = {isa = PBXFileReference; lastKnownFileType = sourcecode.swift; path = CourseMarketViewController.swift; sourceTree = "<group>"; };
		B37DAD4422E8B494001DBCD0 /* CourseViewController.swift */ = {isa = PBXFileReference; lastKnownFileType = sourcecode.swift; path = CourseViewController.swift; sourceTree = "<group>"; };
		B37DAD4722E8B4EF001DBCD0 /* UserViewController.swift */ = {isa = PBXFileReference; lastKnownFileType = sourcecode.swift; path = UserViewController.swift; sourceTree = "<group>"; };
		B37DAD4A22E8B566001DBCD0 /* ShortDetailedUserView.swift */ = {isa = PBXFileReference; lastKnownFileType = sourcecode.swift; path = ShortDetailedUserView.swift; sourceTree = "<group>"; };
		B37DAD4D22E8B702001DBCD0 /* ShortDetailedArticle.swift */ = {isa = PBXFileReference; lastKnownFileType = sourcecode.swift; path = ShortDetailedArticle.swift; sourceTree = "<group>"; };
		B37DAD4F22E8B737001DBCD0 /* Article.swift */ = {isa = PBXFileReference; lastKnownFileType = sourcecode.swift; path = Article.swift; sourceTree = "<group>"; };
		B37DAD5322E8DE03001DBCD0 /* ArticleMetadata.swift */ = {isa = PBXFileReference; lastKnownFileType = sourcecode.swift; path = ArticleMetadata.swift; sourceTree = "<group>"; };
		B37DAD5522E8E011001DBCD0 /* ArticleComponent.swift */ = {isa = PBXFileReference; lastKnownFileType = sourcecode.swift; path = ArticleComponent.swift; sourceTree = "<group>"; };
		B37DAD5722E8E077001DBCD0 /* ArticleComponentRole.swift */ = {isa = PBXFileReference; lastKnownFileType = sourcecode.swift; path = ArticleComponentRole.swift; sourceTree = "<group>"; };
		B37DAD5A22E8E21C001DBCD0 /* ComponentBuilder.swift */ = {isa = PBXFileReference; lastKnownFileType = sourcecode.swift; path = ComponentBuilder.swift; sourceTree = "<group>"; };
		B37DAD5C22E8E256001DBCD0 /* ArticleComponentView.swift */ = {isa = PBXFileReference; lastKnownFileType = sourcecode.swift; path = ArticleComponentView.swift; sourceTree = "<group>"; };
		B37DAD6022E9017C001DBCD0 /* ShortDetailedUser.swift */ = {isa = PBXFileReference; lastKnownFileType = sourcecode.swift; path = ShortDetailedUser.swift; sourceTree = "<group>"; };
		B37DAD6922E9E4F0001DBCD0 /* FeedRouterImpl.swift */ = {isa = PBXFileReference; lastKnownFileType = sourcecode.swift; path = FeedRouterImpl.swift; sourceTree = "<group>"; };
		B37DAD6B22E9E53B001DBCD0 /* FeedInteractorImpl.swift */ = {isa = PBXFileReference; lastKnownFileType = sourcecode.swift; path = FeedInteractorImpl.swift; sourceTree = "<group>"; };
		B37DAD6D22E9E7C6001DBCD0 /* ArticleService.swift */ = {isa = PBXFileReference; lastKnownFileType = sourcecode.swift; path = ArticleService.swift; sourceTree = "<group>"; };
		B37DAD6F22E9E88D001DBCD0 /* UserService.swift */ = {isa = PBXFileReference; lastKnownFileType = sourcecode.swift; path = UserService.swift; sourceTree = "<group>"; };
		B37DAD7122E9FB19001DBCD0 /* DetailedCourseViewController.swift */ = {isa = PBXFileReference; lastKnownFileType = sourcecode.swift; path = DetailedCourseViewController.swift; sourceTree = "<group>"; };
		B37DAD7522EA44F6001DBCD0 /* PubSubStackView.swift */ = {isa = PBXFileReference; lastKnownFileType = sourcecode.swift; path = PubSubStackView.swift; sourceTree = "<group>"; };
		B37DAD7722EA48BC001DBCD0 /* PubSubViewDelegate.swift */ = {isa = PBXFileReference; lastKnownFileType = sourcecode.swift; path = PubSubViewDelegate.swift; sourceTree = "<group>"; };
		B37DAD7922EA490D001DBCD0 /* PubSubViewDataSource.swift */ = {isa = PBXFileReference; lastKnownFileType = sourcecode.swift; path = PubSubViewDataSource.swift; sourceTree = "<group>"; };
		B392505122DC81A8008D560A /* BookmarksViewController.swift */ = {isa = PBXFileReference; lastKnownFileType = sourcecode.swift; path = BookmarksViewController.swift; sourceTree = "<group>"; };
		B392505522DC81DB008D560A /* FeedViewController.swift */ = {isa = PBXFileReference; lastKnownFileType = sourcecode.swift; path = FeedViewController.swift; sourceTree = "<group>"; };
		B392506122DC8851008D560A /* LoginStoryboard.storyboard */ = {isa = PBXFileReference; lastKnownFileType = file.storyboard; path = LoginStoryboard.storyboard; sourceTree = "<group>"; };
		B3FE5C6422FCD263007888E8 /* User.swift */ = {isa = PBXFileReference; lastKnownFileType = sourcecode.swift; path = User.swift; sourceTree = "<group>"; };
		B3FE5C6622FE4281007888E8 /* ProfileInformationTableViewCellDelegate.swift */ = {isa = PBXFileReference; lastKnownFileType = sourcecode.swift; path = ProfileInformationTableViewCellDelegate.swift; sourceTree = "<group>"; };
		B3FE5C6822FE461C007888E8 /* UIView.swift */ = {isa = PBXFileReference; lastKnownFileType = sourcecode.swift; path = UIView.swift; sourceTree = "<group>"; };
		B3FE5C6B22FF3DD6007888E8 /* Font.swift */ = {isa = PBXFileReference; lastKnownFileType = sourcecode.swift; path = Font.swift; sourceTree = "<group>"; };
		B3FE5C6D23019251007888E8 /* SettingsViewController.swift */ = {isa = PBXFileReference; lastKnownFileType = sourcecode.swift; path = SettingsViewController.swift; sourceTree = "<group>"; };
		CE7710BE3515F9BB690871A0 /* Pods-EducatTests.debug.xcconfig */ = {isa = PBXFileReference; includeInIndex = 1; lastKnownFileType = text.xcconfig; name = "Pods-EducatTests.debug.xcconfig"; path = "Pods/Target Support Files/Pods-EducatTests/Pods-EducatTests.debug.xcconfig"; sourceTree = "<group>"; };
		D0BC310C8B03032CBC1D8997 /* ECTabBarController.swift */ = {isa = PBXFileReference; fileEncoding = 4; lastKnownFileType = sourcecode.swift; path = ECTabBarController.swift; sourceTree = "<group>"; };
		D0BC345C16C6708F48B094DA /* CardViewController.swift */ = {isa = PBXFileReference; fileEncoding = 4; lastKnownFileType = sourcecode.swift; path = CardViewController.swift; sourceTree = "<group>"; };
		D0BC34D87BC465B6896DE2EE /* ProfileInformationTableViewCell.swift */ = {isa = PBXFileReference; fileEncoding = 4; lastKnownFileType = sourcecode.swift; path = ProfileInformationTableViewCell.swift; sourceTree = "<group>"; };
		D0BC35949DD1F628B3C0E1E0 /* CardPresenter.swift */ = {isa = PBXFileReference; fileEncoding = 4; lastKnownFileType = sourcecode.swift; path = CardPresenter.swift; sourceTree = "<group>"; };
		D0BC36506301A0BF2CE91947 /* ECTabBar.swift */ = {isa = PBXFileReference; fileEncoding = 4; lastKnownFileType = sourcecode.swift; path = ECTabBar.swift; sourceTree = "<group>"; };
		D0BC36D42E719EDE28265EFE /* ECTabBarDelegate.swift */ = {isa = PBXFileReference; fileEncoding = 4; lastKnownFileType = sourcecode.swift; path = ECTabBarDelegate.swift; sourceTree = "<group>"; };
		D0BC36E0B4D644B629A0D173 /* ECTabBarItem.swift */ = {isa = PBXFileReference; fileEncoding = 4; lastKnownFileType = sourcecode.swift; path = ECTabBarItem.swift; sourceTree = "<group>"; };
		D0BC38A55E4D6EB8A3824E00 /* ECTabBarItemDelegate.swift */ = {isa = PBXFileReference; fileEncoding = 4; lastKnownFileType = sourcecode.swift; path = ECTabBarItemDelegate.swift; sourceTree = "<group>"; };
		D0BC3BC09B79D0A1FBEA96EE /* CardPresenterImpl.swift */ = {isa = PBXFileReference; fileEncoding = 4; lastKnownFileType = sourcecode.swift; path = CardPresenterImpl.swift; sourceTree = "<group>"; };
		D0BC3BE8AB7EE2BEC1E669AC /* UserProfileInfoCollectionViewCell.swift */ = {isa = PBXFileReference; fileEncoding = 4; lastKnownFileType = sourcecode.swift; path = UserProfileInfoCollectionViewCell.swift; sourceTree = "<group>"; };
		D0BC3C2FCA36625963259EC0 /* CardInteractor.swift */ = {isa = PBXFileReference; fileEncoding = 4; lastKnownFileType = sourcecode.swift; path = CardInteractor.swift; sourceTree = "<group>"; };
		D0BC3D944CE127A8FAE3DA25 /* ECViewController.swift */ = {isa = PBXFileReference; fileEncoding = 4; lastKnownFileType = sourcecode.swift; path = ECViewController.swift; sourceTree = "<group>"; };
		D0BC3F06B2F1F9EBD51EFF67 /* CardInteractorImpl.swift */ = {isa = PBXFileReference; fileEncoding = 4; lastKnownFileType = sourcecode.swift; path = CardInteractorImpl.swift; sourceTree = "<group>"; };
/* End PBXFileReference section */

/* Begin PBXFrameworksBuildPhase section */
		B3455C8A22D8BD9D00478FFF /* Frameworks */ = {
			isa = PBXFrameworksBuildPhase;
			buildActionMask = 2147483647;
			files = (
				65870AB874C0413C405FA681 /* Pods_Educat.framework in Frameworks */,
			);
			runOnlyForDeploymentPostprocessing = 0;
		};
		B3455CA122D8BDA000478FFF /* Frameworks */ = {
			isa = PBXFrameworksBuildPhase;
			buildActionMask = 2147483647;
			files = (
				6EA57AC0FE237AC2DE6A911B /* Pods_EducatTests.framework in Frameworks */,
			);
			runOnlyForDeploymentPostprocessing = 0;
		};
		B3455CAC22D8BDA000478FFF /* Frameworks */ = {
			isa = PBXFrameworksBuildPhase;
			buildActionMask = 2147483647;
			files = (
				83491366D6C5B3532004687A /* Pods_EducatUITests.framework in Frameworks */,
			);
			runOnlyForDeploymentPostprocessing = 0;
		};
/* End PBXFrameworksBuildPhase section */

/* Begin PBXGroup section */
		A42F014956F47A527E182DD2 /* Frameworks */ = {
			isa = PBXGroup;
			children = (
				A751B9C65274B1762123028E /* Pods_Educat.framework */,
				9147A99904EEE9A0470BA231 /* Pods_EducatTests.framework */,
				9F857350D1AEFBED14FAD7D6 /* Pods_EducatUITests.framework */,
			);
			name = Frameworks;
			sourceTree = "<group>";
		};
		A7D61CE881953029FA98B516 /* Pods */ = {
			isa = PBXGroup;
			children = (
				0DBE4F884695008F11CFE1E0 /* Pods-Educat.debug.xcconfig */,
				5D01938E46839DD157452C9A /* Pods-Educat.release.xcconfig */,
				CE7710BE3515F9BB690871A0 /* Pods-EducatTests.debug.xcconfig */,
				0E9A083B55AE4A01C9D357DA /* Pods-EducatTests.release.xcconfig */,
				23DC27A14E3AD5B57B27B32D /* Pods-EducatUITests.debug.xcconfig */,
				701913FD4A2A74E6C554243A /* Pods-EducatUITests.release.xcconfig */,
			);
			name = Pods;
			sourceTree = "<group>";
		};
		B30C505122F9D0FF0021824A /* TabBarController */ = {
			isa = PBXGroup;
			children = (
				B30C505222F9D1130021824A /* TabBarController.swift */,
			);
			path = TabBarController;
			sourceTree = "<group>";
		};
		B3455C8422D8BD9D00478FFF = {
			isa = PBXGroup;
			children = (
				B3455C8F22D8BD9D00478FFF /* Educat */,
				B3455CA722D8BDA000478FFF /* EducatTests */,
				B3455CB222D8BDA000478FFF /* EducatUITests */,
				B3455C8E22D8BD9D00478FFF /* Products */,
				A7D61CE881953029FA98B516 /* Pods */,
				A42F014956F47A527E182DD2 /* Frameworks */,
			);
			sourceTree = "<group>";
		};
		B3455C8E22D8BD9D00478FFF /* Products */ = {
			isa = PBXGroup;
			children = (
				B3455C8D22D8BD9D00478FFF /* Educat.app */,
				B3455CA422D8BDA000478FFF /* EducatTests.xctest */,
				B3455CAF22D8BDA000478FFF /* EducatUITests.xctest */,
			);
			name = Products;
			sourceTree = "<group>";
		};
		B3455C8F22D8BD9D00478FFF /* Educat */ = {
			isa = PBXGroup;
			children = (
				B3FE5C6A22FF3DC1007888E8 /* Font */,
				B37DACFF22E8866F001DBCD0 /* appActions.plist */,
				B37DAD0522E88BC8001DBCD0 /* Services */,
				B37DAD0122E88B93001DBCD0 /* Modules */,
				B37DACFB22E870F8001DBCD0 /* Views */,
				B36FB94622DE600600E996FF /* Colors */,
				B3455C9022D8BD9D00478FFF /* AppDelegate.swift */,
				B3455C9A22D8BDA000478FFF /* Assets.xcassets */,
				B3455C9C22D8BDA000478FFF /* LaunchScreen.storyboard */,
				B3455C9F22D8BDA000478FFF /* Info.plist */,
				B352943322F878A900FAC155 /* AppContext.swift */,
				B352943522F8793C00FAC155 /* AppContextImpl.swift */,
			);
			path = Educat;
			sourceTree = "<group>";
		};
		B3455CA722D8BDA000478FFF /* EducatTests */ = {
			isa = PBXGroup;
			children = (
				B3455CA822D8BDA000478FFF /* EducatTests.swift */,
				B3455CAA22D8BDA000478FFF /* Info.plist */,
			);
			path = EducatTests;
			sourceTree = "<group>";
		};
		B3455CB222D8BDA000478FFF /* EducatUITests */ = {
			isa = PBXGroup;
			children = (
				B3455CB322D8BDA000478FFF /* EducatUITests.swift */,
				B3455CB522D8BDA000478FFF /* Info.plist */,
			);
			path = EducatUITests;
			sourceTree = "<group>";
		};
		B36FB94622DE600600E996FF /* Colors */ = {
			isa = PBXGroup;
			children = (
				B37D0C3722DD26350065558C /* gradients.swift */,
				B36FB94722DE603700E996FF /* UIColor.swift */,
			);
			path = Colors;
			sourceTree = "<group>";
		};
		B37D0C3F22DE01EA0065558C /* SubscriberView */ = {
			isa = PBXGroup;
			children = (
				B37D0C3D22DE005B0065558C /* PubSubView.swift */,
				B37DAD7522EA44F6001DBCD0 /* PubSubStackView.swift */,
				B37DAD7722EA48BC001DBCD0 /* PubSubViewDelegate.swift */,
				B37DAD7922EA490D001DBCD0 /* PubSubViewDataSource.swift */,
				D0BC3BE8AB7EE2BEC1E669AC /* UserProfileInfoCollectionViewCell.swift */,
			);
			path = SubscriberView;
			sourceTree = "<group>";
		};
		B37DACFB22E870F8001DBCD0 /* Views */ = {
			isa = PBXGroup;
			children = (
				B36FB96022E0A12900E996FF /* CircleImageView.swift */,
				B3FE5C6822FE461C007888E8 /* UIView.swift */,
			);
			path = Views;
			sourceTree = "<group>";
		};
		B37DAD0122E88B93001DBCD0 /* Modules */ = {
			isa = PBXGroup;
			children = (
				B30C505122F9D0FF0021824A /* TabBarController */,
				B37DAD3822E8987E001DBCD0 /* Cources */,
				B37DAD1622E88E94001DBCD0 /* SignUp */,
				B37DAD1522E88E75001DBCD0 /* SignIn */,
				B37DAD0722E88BFA001DBCD0 /* Users */,
				B37DAD0622E88BE7001DBCD0 /* Articles */,
				B37DAD0422E88BB5001DBCD0 /* Bookmarks */,
				B37DAD0322E88BAB001DBCD0 /* Profile */,
				B37DAD0222E88B9E001DBCD0 /* Feed */,
				D0BC33F5C5E37171BE513164 /* Card */,
				D0BC358B2BC62605B8BA4C6B /* Container */,
			);
			path = Modules;
			sourceTree = "<group>";
		};
		B37DAD0222E88B9E001DBCD0 /* Feed */ = {
			isa = PBXGroup;
			children = (
				B37DAD6822E9E4BE001DBCD0 /* Configurator */,
				B37DAD6722E9E487001DBCD0 /* Presenter */,
				B37DAD6622E9E47F001DBCD0 /* Interactor */,
				B37DAD6522E9E476001DBCD0 /* Router */,
				B37DAD6422E9E471001DBCD0 /* View */,
			);
			path = Feed;
			sourceTree = "<group>";
		};
		B37DAD0322E88BAB001DBCD0 /* Profile */ = {
			isa = PBXGroup;
			children = (
				B37DAD2322E88F6F001DBCD0 /* Router */,
				B37DAD2222E88F60001DBCD0 /* Configurator */,
				B37DAD2122E88F57001DBCD0 /* Interactor */,
				B37DAD2022E88F4E001DBCD0 /* Presenter */,
				B37DAD1F22E88F46001DBCD0 /* View */,
			);
			path = Profile;
			sourceTree = "<group>";
		};
		B37DAD0422E88BB5001DBCD0 /* Bookmarks */ = {
			isa = PBXGroup;
			children = (
				B37DAD5E22E900F3001DBCD0 /* View */,
			);
			path = Bookmarks;
			sourceTree = "<group>";
		};
		B37DAD0522E88BC8001DBCD0 /* Services */ = {
			isa = PBXGroup;
			children = (
				B37DAD6D22E9E7C6001DBCD0 /* ArticleService.swift */,
				B37DAD6F22E9E88D001DBCD0 /* UserService.swift */,
				B353EAB722F463B20087DE9D /* CentralWebRequestDispatcher.swift */,
				B353EAB922F4642E0087DE9D /* SecurityService.swift */,
			);
			path = Services;
			sourceTree = "<group>";
		};
		B37DAD0622E88BE7001DBCD0 /* Articles */ = {
			isa = PBXGroup;
			children = (
				B37DAD5222E8DD52001DBCD0 /* Interactor */,
				B37DAD5122E8DD39001DBCD0 /* View */,
				B37DAD4C22E8B64C001DBCD0 /* Entity */,
				B37DAD3D22E8A84A001DBCD0 /* Configurator */,
				B37DAD3C22E8A839001DBCD0 /* Presenter */,
				B37DAD3B22E8A829001DBCD0 /* Router */,
			);
			path = Articles;
			sourceTree = "<group>";
		};
		B37DAD0722E88BFA001DBCD0 /* Users */ = {
			isa = PBXGroup;
			children = (
				B37DAD5F22E90166001DBCD0 /* Entity */,
				B37DAD4622E8B4E0001DBCD0 /* View */,
			);
			path = Users;
			sourceTree = "<group>";
		};
		B37DAD1522E88E75001DBCD0 /* SignIn */ = {
			isa = PBXGroup;
			children = (
				B392506122DC8851008D560A /* LoginStoryboard.storyboard */,
				B37DAD4022E8B229001DBCD0 /* SignInViewController.swift */,
			);
			path = SignIn;
			sourceTree = "<group>";
		};
		B37DAD1622E88E94001DBCD0 /* SignUp */ = {
			isa = PBXGroup;
			children = (
				B37DAD3E22E8B1D3001DBCD0 /* SignUpViewController.swift */,
			);
			path = SignUp;
			sourceTree = "<group>";
		};
		B37DAD1F22E88F46001DBCD0 /* View */ = {
			isa = PBXGroup;
			children = (
				B37DAD2422E890E9001DBCD0 /* ProfileViewController.swift */,
				B37DAD2E22E8933A001DBCD0 /* ProfileViewControllerProtocol.swift */,
				D0BC34D87BC465B6896DE2EE /* ProfileInformationTableViewCell.swift */,
				B3FE5C6622FE4281007888E8 /* ProfileInformationTableViewCellDelegate.swift */,
				B3FE5C6D23019251007888E8 /* SettingsViewController.swift */,
			);
			path = View;
			sourceTree = "<group>";
		};
		B37DAD2022E88F4E001DBCD0 /* Presenter */ = {
			isa = PBXGroup;
			children = (
				B37DAD2A22E891F3001DBCD0 /* ProfilePresenter.swift */,
				B37DAD2C22E89257001DBCD0 /* ProfilePresenterImpl.swift */,
			);
			path = Presenter;
			sourceTree = "<group>";
		};
		B37DAD2122E88F57001DBCD0 /* Interactor */ = {
			isa = PBXGroup;
			children = (
				B37DAD3022E89368001DBCD0 /* ProfileInteractor.swift */,
				B37DAD3222E89385001DBCD0 /* ProfileInteractorImpl.swift */,
			);
			path = Interactor;
			sourceTree = "<group>";
		};
		B37DAD2222E88F60001DBCD0 /* Configurator */ = {
			isa = PBXGroup;
			children = (
				B37DAD2622E89153001DBCD0 /* ProfileConfiguratorImpl.swift */,
				B37DAD2822E89174001DBCD0 /* ProfileConfigurator.swift */,
			);
			path = Configurator;
			sourceTree = "<group>";
		};
		B37DAD2322E88F6F001DBCD0 /* Router */ = {
			isa = PBXGroup;
			children = (
				B37DAD3422E893CD001DBCD0 /* ProfileRouter.swift */,
				B37DAD3622E893F1001DBCD0 /* ProfileRouterImpl.swift */,
			);
			path = Router;
			sourceTree = "<group>";
		};
		B37DAD3822E8987E001DBCD0 /* Cources */ = {
			isa = PBXGroup;
			children = (
				B37DAD3A22E89893001DBCD0 /* CourseMarket */,
				B37DAD3922E89888001DBCD0 /* Course */,
			);
			path = Cources;
			sourceTree = "<group>";
		};
		B37DAD3922E89888001DBCD0 /* Course */ = {
			isa = PBXGroup;
			children = (
				B37DAD4422E8B494001DBCD0 /* CourseViewController.swift */,
			);
			path = Course;
			sourceTree = "<group>";
		};
		B37DAD3A22E89893001DBCD0 /* CourseMarket */ = {
			isa = PBXGroup;
			children = (
				B37DAD4222E8B421001DBCD0 /* CourseMarketViewController.swift */,
				B37DAD7122E9FB19001DBCD0 /* DetailedCourseViewController.swift */,
			);
			path = CourseMarket;
			sourceTree = "<group>";
		};
		B37DAD3B22E8A829001DBCD0 /* Router */ = {
			isa = PBXGroup;
			children = (
				B37DAD0A22E88C76001DBCD0 /* ArticleRouter.swift */,
			);
			path = Router;
			sourceTree = "<group>";
		};
		B37DAD3C22E8A839001DBCD0 /* Presenter */ = {
			isa = PBXGroup;
			children = (
				B37DAD0C22E88CA5001DBCD0 /* ArticlePresenter.swift */,
			);
			path = Presenter;
			sourceTree = "<group>";
		};
		B37DAD3D22E8A84A001DBCD0 /* Configurator */ = {
			isa = PBXGroup;
			children = (
				B37DAD0E22E88D17001DBCD0 /* ArticleConfigurator.swift */,
			);
			path = Configurator;
			sourceTree = "<group>";
		};
		B37DAD4622E8B4E0001DBCD0 /* View */ = {
			isa = PBXGroup;
			children = (
				B37D0C3F22DE01EA0065558C /* SubscriberView */,
				B37DAD4722E8B4EF001DBCD0 /* UserViewController.swift */,
				B37DAD4A22E8B566001DBCD0 /* ShortDetailedUserView.swift */,
			);
			path = View;
			sourceTree = "<group>";
		};
		B37DAD4C22E8B64C001DBCD0 /* Entity */ = {
			isa = PBXGroup;
			children = (
				B37DAD4D22E8B702001DBCD0 /* ShortDetailedArticle.swift */,
				B37DAD4F22E8B737001DBCD0 /* Article.swift */,
				B37DAD5322E8DE03001DBCD0 /* ArticleMetadata.swift */,
				B37DAD5522E8E011001DBCD0 /* ArticleComponent.swift */,
				B37DAD5722E8E077001DBCD0 /* ArticleComponentRole.swift */,
			);
			path = Entity;
			sourceTree = "<group>";
		};
		B37DAD5122E8DD39001DBCD0 /* View */ = {
			isa = PBXGroup;
			children = (
				B37DAD5922E8E1F9001DBCD0 /* Component */,
				B37DAD0822E88C20001DBCD0 /* ArticleViewController.swift */,
			);
			path = View;
			sourceTree = "<group>";
		};
		B37DAD5222E8DD52001DBCD0 /* Interactor */ = {
			isa = PBXGroup;
			children = (
				B37DAD1022E88D92001DBCD0 /* ArticleInteractor.swift */,
			);
			path = Interactor;
			sourceTree = "<group>";
		};
		B37DAD5922E8E1F9001DBCD0 /* Component */ = {
			isa = PBXGroup;
			children = (
				B37DAD5A22E8E21C001DBCD0 /* ComponentBuilder.swift */,
				B37DAD5C22E8E256001DBCD0 /* ArticleComponentView.swift */,
			);
			path = Component;
			sourceTree = "<group>";
		};
		B37DAD5E22E900F3001DBCD0 /* View */ = {
			isa = PBXGroup;
			children = (
				B392505122DC81A8008D560A /* BookmarksViewController.swift */,
			);
			path = View;
			sourceTree = "<group>";
		};
		B37DAD5F22E90166001DBCD0 /* Entity */ = {
			isa = PBXGroup;
			children = (
				B37DAD6022E9017C001DBCD0 /* ShortDetailedUser.swift */,
				B3FE5C6422FCD263007888E8 /* User.swift */,
			);
			path = Entity;
			sourceTree = "<group>";
		};
		B37DAD6422E9E471001DBCD0 /* View */ = {
			isa = PBXGroup;
			children = (
				B392505522DC81DB008D560A /* FeedViewController.swift */,
			);
			path = View;
			sourceTree = "<group>";
		};
		B37DAD6522E9E476001DBCD0 /* Router */ = {
			isa = PBXGroup;
			children = (
				B37DAD1722E88EAE001DBCD0 /* FeedRouter.swift */,
				B37DAD6922E9E4F0001DBCD0 /* FeedRouterImpl.swift */,
			);
			path = Router;
			sourceTree = "<group>";
		};
		B37DAD6622E9E47F001DBCD0 /* Interactor */ = {
			isa = PBXGroup;
			children = (
				B37DAD1B22E88EE8001DBCD0 /* FeedInteractor.swift */,
				B37DAD6B22E9E53B001DBCD0 /* FeedInteractorImpl.swift */,
			);
			path = Interactor;
			sourceTree = "<group>";
		};
		B37DAD6722E9E487001DBCD0 /* Presenter */ = {
			isa = PBXGroup;
			children = (
				B37DAD1922E88ECC001DBCD0 /* FeedPresenter.swift */,
			);
			path = Presenter;
			sourceTree = "<group>";
		};
		B37DAD6822E9E4BE001DBCD0 /* Configurator */ = {
			isa = PBXGroup;
			children = (
				B37DAD1D22E88F0C001DBCD0 /* FeedConfigurator.swift */,
			);
			path = Configurator;
			sourceTree = "<group>";
		};
		B3FE5C6A22FF3DC1007888E8 /* Font */ = {
			isa = PBXGroup;
			children = (
				B3FE5C6B22FF3DD6007888E8 /* Font.swift */,
			);
			path = Font;
			sourceTree = "<group>";
		};
		D0BC31948F56BBD1E10714F3 /* View */ = {
			isa = PBXGroup;
			children = (
				D0BC345C16C6708F48B094DA /* CardViewController.swift */,
				B352942F22F8487000FAC155 /* CardContentView.swift */,
				B3386F5B230A169600AF92E8 /* CardViewControllerAnimator.swift */,
			);
			path = View;
			sourceTree = "<group>";
		};
		D0BC324926D30EF8D97B5FF5 /* Presenter */ = {
			isa = PBXGroup;
			children = (
				D0BC35949DD1F628B3C0E1E0 /* CardPresenter.swift */,
				D0BC3BC09B79D0A1FBEA96EE /* CardPresenterImpl.swift */,
			);
			path = Presenter;
			sourceTree = "<group>";
		};
		D0BC32D1D691C839C9E8B399 /* Router */ = {
			isa = PBXGroup;
			children = (
			);
			path = Router;
			sourceTree = "<group>";
		};
		D0BC33F5C5E37171BE513164 /* Card */ = {
			isa = PBXGroup;
			children = (
				D0BC31948F56BBD1E10714F3 /* View */,
				D0BC32D1D691C839C9E8B399 /* Router */,
				D0BC324926D30EF8D97B5FF5 /* Presenter */,
				D0BC3BC0EDD2A38881892887 /* Interactor */,
				B30C505422F9DE3D0021824A /* CardConfigurator.swift */,
			);
			path = Card;
			sourceTree = "<group>";
		};
		D0BC358B2BC62605B8BA4C6B /* Container */ = {
			isa = PBXGroup;
			children = (
				D0BC367A67344A0710CADA72 /* ECTabBarController */,
				B352943922F8982000FAC155 /* ECNavigationController.swift */,
			);
			path = Container;
			sourceTree = "<group>";
		};
		D0BC367A67344A0710CADA72 /* ECTabBarController */ = {
			isa = PBXGroup;
			children = (
				D0BC310C8B03032CBC1D8997 /* ECTabBarController.swift */,
				D0BC3D944CE127A8FAE3DA25 /* ECViewController.swift */,
				D0BC39300797FCA613C11ABF /* Item */,
				D0BC39071249085D51683402 /* TabBar */,
			);
			path = ECTabBarController;
			sourceTree = "<group>";
		};
		D0BC39071249085D51683402 /* TabBar */ = {
			isa = PBXGroup;
			children = (
				D0BC36506301A0BF2CE91947 /* ECTabBar.swift */,
				D0BC36D42E719EDE28265EFE /* ECTabBarDelegate.swift */,
			);
			path = TabBar;
			sourceTree = "<group>";
		};
		D0BC39300797FCA613C11ABF /* Item */ = {
			isa = PBXGroup;
			children = (
				D0BC38A55E4D6EB8A3824E00 /* ECTabBarItemDelegate.swift */,
				D0BC36E0B4D644B629A0D173 /* ECTabBarItem.swift */,
			);
			path = Item;
			sourceTree = "<group>";
		};
		D0BC3BC0EDD2A38881892887 /* Interactor */ = {
			isa = PBXGroup;
			children = (
				D0BC3C2FCA36625963259EC0 /* CardInteractor.swift */,
				D0BC3F06B2F1F9EBD51EFF67 /* CardInteractorImpl.swift */,
			);
			path = Interactor;
			sourceTree = "<group>";
		};
/* End PBXGroup section */

/* Begin PBXNativeTarget section */
		B3455C8C22D8BD9D00478FFF /* Educat */ = {
			isa = PBXNativeTarget;
			buildConfigurationList = B3455CB822D8BDA000478FFF /* Build configuration list for PBXNativeTarget "Educat" */;
			buildPhases = (
				3FBAAE9087AEA0E510F96169 /* [CP] Check Pods Manifest.lock */,
				B3455C8922D8BD9D00478FFF /* Sources */,
				B3455C8A22D8BD9D00478FFF /* Frameworks */,
				B3455C8B22D8BD9D00478FFF /* Resources */,
				716B101BD282C8EC93653730 /* [CP] Embed Pods Frameworks */,
			);
			buildRules = (
			);
			dependencies = (
			);
			name = Educat;
			productName = Educat;
			productReference = B3455C8D22D8BD9D00478FFF /* Educat.app */;
			productType = "com.apple.product-type.application";
		};
		B3455CA322D8BDA000478FFF /* EducatTests */ = {
			isa = PBXNativeTarget;
			buildConfigurationList = B3455CBB22D8BDA000478FFF /* Build configuration list for PBXNativeTarget "EducatTests" */;
			buildPhases = (
				5ED9977D65618EA01EF87881 /* [CP] Check Pods Manifest.lock */,
				B3455CA022D8BDA000478FFF /* Sources */,
				B3455CA122D8BDA000478FFF /* Frameworks */,
				B3455CA222D8BDA000478FFF /* Resources */,
			);
			buildRules = (
			);
			dependencies = (
				B3455CA622D8BDA000478FFF /* PBXTargetDependency */,
			);
			name = EducatTests;
			productName = EducatTests;
			productReference = B3455CA422D8BDA000478FFF /* EducatTests.xctest */;
			productType = "com.apple.product-type.bundle.unit-test";
		};
		B3455CAE22D8BDA000478FFF /* EducatUITests */ = {
			isa = PBXNativeTarget;
			buildConfigurationList = B3455CBE22D8BDA000478FFF /* Build configuration list for PBXNativeTarget "EducatUITests" */;
			buildPhases = (
				E90E54FB09A4B68310F8A0D8 /* [CP] Check Pods Manifest.lock */,
				B3455CAB22D8BDA000478FFF /* Sources */,
				B3455CAC22D8BDA000478FFF /* Frameworks */,
				B3455CAD22D8BDA000478FFF /* Resources */,
			);
			buildRules = (
			);
			dependencies = (
				B3455CB122D8BDA000478FFF /* PBXTargetDependency */,
			);
			name = EducatUITests;
			productName = EducatUITests;
			productReference = B3455CAF22D8BDA000478FFF /* EducatUITests.xctest */;
			productType = "com.apple.product-type.bundle.ui-testing";
		};
/* End PBXNativeTarget section */

/* Begin PBXProject section */
		B3455C8522D8BD9D00478FFF /* Project object */ = {
			isa = PBXProject;
			attributes = {
				LastSwiftUpdateCheck = 1020;
				LastUpgradeCheck = 1020;
				ORGANIZATIONNAME = "Ilya Mikheev";
				TargetAttributes = {
					B3455C8C22D8BD9D00478FFF = {
						CreatedOnToolsVersion = 10.2.1;
						SystemCapabilities = {
							com.apple.Maps.iOS = {
								enabled = 0;
							};
						};
					};
					B3455CA322D8BDA000478FFF = {
						CreatedOnToolsVersion = 10.2.1;
						TestTargetID = B3455C8C22D8BD9D00478FFF;
					};
					B3455CAE22D8BDA000478FFF = {
						CreatedOnToolsVersion = 10.2.1;
						TestTargetID = B3455C8C22D8BD9D00478FFF;
					};
				};
			};
			buildConfigurationList = B3455C8822D8BD9D00478FFF /* Build configuration list for PBXProject "Educat" */;
			compatibilityVersion = "Xcode 9.3";
			developmentRegion = en;
			hasScannedForEncodings = 0;
			knownRegions = (
				en,
				Base,
			);
			mainGroup = B3455C8422D8BD9D00478FFF;
			productRefGroup = B3455C8E22D8BD9D00478FFF /* Products */;
			projectDirPath = "";
			projectRoot = "";
			targets = (
				B3455C8C22D8BD9D00478FFF /* Educat */,
				B3455CA322D8BDA000478FFF /* EducatTests */,
				B3455CAE22D8BDA000478FFF /* EducatUITests */,
			);
		};
/* End PBXProject section */

/* Begin PBXResourcesBuildPhase section */
		B3455C8B22D8BD9D00478FFF /* Resources */ = {
			isa = PBXResourcesBuildPhase;
			buildActionMask = 2147483647;
			files = (
				B37DAD0022E8866F001DBCD0 /* appActions.plist in Resources */,
				B3455C9E22D8BDA000478FFF /* LaunchScreen.storyboard in Resources */,
				B3455C9B22D8BDA000478FFF /* Assets.xcassets in Resources */,
				B392506222DC8851008D560A /* LoginStoryboard.storyboard in Resources */,
			);
			runOnlyForDeploymentPostprocessing = 0;
		};
		B3455CA222D8BDA000478FFF /* Resources */ = {
			isa = PBXResourcesBuildPhase;
			buildActionMask = 2147483647;
			files = (
			);
			runOnlyForDeploymentPostprocessing = 0;
		};
		B3455CAD22D8BDA000478FFF /* Resources */ = {
			isa = PBXResourcesBuildPhase;
			buildActionMask = 2147483647;
			files = (
			);
			runOnlyForDeploymentPostprocessing = 0;
		};
/* End PBXResourcesBuildPhase section */

/* Begin PBXShellScriptBuildPhase section */
		3FBAAE9087AEA0E510F96169 /* [CP] Check Pods Manifest.lock */ = {
			isa = PBXShellScriptBuildPhase;
			buildActionMask = 2147483647;
			files = (
			);
			inputPaths = (
				"${PODS_PODFILE_DIR_PATH}/Podfile.lock",
				"${PODS_ROOT}/Manifest.lock",
			);
			name = "[CP] Check Pods Manifest.lock";
			outputPaths = (
				"$(DERIVED_FILE_DIR)/Pods-Educat-checkManifestLockResult.txt",
			);
			runOnlyForDeploymentPostprocessing = 0;
			shellPath = /bin/sh;
			shellScript = "diff \"${PODS_PODFILE_DIR_PATH}/Podfile.lock\" \"${PODS_ROOT}/Manifest.lock\" > /dev/null\nif [ $? != 0 ] ; then\n    # print error to STDERR\n    echo \"error: The sandbox is not in sync with the Podfile.lock. Run 'pod install' or update your CocoaPods installation.\" >&2\n    exit 1\nfi\n# This output is used by Xcode 'outputs' to avoid re-running this script phase.\necho \"SUCCESS\" > \"${SCRIPT_OUTPUT_FILE_0}\"\n";
			showEnvVarsInLog = 0;
		};
		5ED9977D65618EA01EF87881 /* [CP] Check Pods Manifest.lock */ = {
			isa = PBXShellScriptBuildPhase;
			buildActionMask = 2147483647;
			files = (
			);
			inputPaths = (
				"${PODS_PODFILE_DIR_PATH}/Podfile.lock",
				"${PODS_ROOT}/Manifest.lock",
			);
			name = "[CP] Check Pods Manifest.lock";
			outputPaths = (
				"$(DERIVED_FILE_DIR)/Pods-EducatTests-checkManifestLockResult.txt",
			);
			runOnlyForDeploymentPostprocessing = 0;
			shellPath = /bin/sh;
			shellScript = "diff \"${PODS_PODFILE_DIR_PATH}/Podfile.lock\" \"${PODS_ROOT}/Manifest.lock\" > /dev/null\nif [ $? != 0 ] ; then\n    # print error to STDERR\n    echo \"error: The sandbox is not in sync with the Podfile.lock. Run 'pod install' or update your CocoaPods installation.\" >&2\n    exit 1\nfi\n# This output is used by Xcode 'outputs' to avoid re-running this script phase.\necho \"SUCCESS\" > \"${SCRIPT_OUTPUT_FILE_0}\"\n";
			showEnvVarsInLog = 0;
		};
		716B101BD282C8EC93653730 /* [CP] Embed Pods Frameworks */ = {
			isa = PBXShellScriptBuildPhase;
			buildActionMask = 2147483647;
			files = (
			);
			inputPaths = (
				"${SRCROOT}/Pods/Target Support Files/Pods-Educat/Pods-Educat-frameworks.sh",
				"${BUILT_PRODUCTS_DIR}/Realm/Realm.framework",
				"${BUILT_PRODUCTS_DIR}/RealmSwift/RealmSwift.framework",
				"${BUILT_PRODUCTS_DIR}/lottie-ios/Lottie.framework",
			);
			name = "[CP] Embed Pods Frameworks";
			outputPaths = (
				"${TARGET_BUILD_DIR}/${FRAMEWORKS_FOLDER_PATH}/Realm.framework",
				"${TARGET_BUILD_DIR}/${FRAMEWORKS_FOLDER_PATH}/RealmSwift.framework",
				"${TARGET_BUILD_DIR}/${FRAMEWORKS_FOLDER_PATH}/Lottie.framework",
			);
			runOnlyForDeploymentPostprocessing = 0;
			shellPath = /bin/sh;
			shellScript = "\"${SRCROOT}/Pods/Target Support Files/Pods-Educat/Pods-Educat-frameworks.sh\"\n";
			showEnvVarsInLog = 0;
		};
		E90E54FB09A4B68310F8A0D8 /* [CP] Check Pods Manifest.lock */ = {
			isa = PBXShellScriptBuildPhase;
			buildActionMask = 2147483647;
			files = (
			);
			inputPaths = (
				"${PODS_PODFILE_DIR_PATH}/Podfile.lock",
				"${PODS_ROOT}/Manifest.lock",
			);
			name = "[CP] Check Pods Manifest.lock";
			outputPaths = (
				"$(DERIVED_FILE_DIR)/Pods-EducatUITests-checkManifestLockResult.txt",
			);
			runOnlyForDeploymentPostprocessing = 0;
			shellPath = /bin/sh;
			shellScript = "diff \"${PODS_PODFILE_DIR_PATH}/Podfile.lock\" \"${PODS_ROOT}/Manifest.lock\" > /dev/null\nif [ $? != 0 ] ; then\n    # print error to STDERR\n    echo \"error: The sandbox is not in sync with the Podfile.lock. Run 'pod install' or update your CocoaPods installation.\" >&2\n    exit 1\nfi\n# This output is used by Xcode 'outputs' to avoid re-running this script phase.\necho \"SUCCESS\" > \"${SCRIPT_OUTPUT_FILE_0}\"\n";
			showEnvVarsInLog = 0;
		};
/* End PBXShellScriptBuildPhase section */

/* Begin PBXSourcesBuildPhase section */
		B3455C8922D8BD9D00478FFF /* Sources */ = {
			isa = PBXSourcesBuildPhase;
			buildActionMask = 2147483647;
			files = (
				B37DAD4122E8B229001DBCD0 /* SignInViewController.swift in Sources */,
				B352943422F878A900FAC155 /* AppContext.swift in Sources */,
				B37DAD5022E8B737001DBCD0 /* Article.swift in Sources */,
				B37DAD6A22E9E4F0001DBCD0 /* FeedRouterImpl.swift in Sources */,
				B37D0C3E22DE005B0065558C /* PubSubView.swift in Sources */,
				B352943022F8487000FAC155 /* CardContentView.swift in Sources */,
				B37DAD6122E9017C001DBCD0 /* ShortDetailedUser.swift in Sources */,
				B37DAD6C22E9E53B001DBCD0 /* FeedInteractorImpl.swift in Sources */,
				B37DAD1A22E88ECC001DBCD0 /* FeedPresenter.swift in Sources */,
				B37DAD2722E89153001DBCD0 /* ProfileConfiguratorImpl.swift in Sources */,
				B37DAD3522E893CD001DBCD0 /* ProfileRouter.swift in Sources */,
				B37DAD1822E88EAE001DBCD0 /* FeedRouter.swift in Sources */,
				B37D0C3822DD26350065558C /* gradients.swift in Sources */,
				B37DAD3122E89369001DBCD0 /* ProfileInteractor.swift in Sources */,
				B37DAD2D22E89257001DBCD0 /* ProfilePresenterImpl.swift in Sources */,
				B30C505322F9D1130021824A /* TabBarController.swift in Sources */,
				B37DAD0922E88C20001DBCD0 /* ArticleViewController.swift in Sources */,
				B392505222DC81A8008D560A /* BookmarksViewController.swift in Sources */,
				B36FB96122E0A12900E996FF /* CircleImageView.swift in Sources */,
				B37DAD2B22E891F3001DBCD0 /* ProfilePresenter.swift in Sources */,
				B37DAD0D22E88CA5001DBCD0 /* ArticlePresenter.swift in Sources */,
				B3FE5C6922FE461C007888E8 /* UIView.swift in Sources */,
				B37DAD3322E89385001DBCD0 /* ProfileInteractorImpl.swift in Sources */,
				B37DAD0B22E88C76001DBCD0 /* ArticleRouter.swift in Sources */,
				B37DAD6E22E9E7C6001DBCD0 /* ArticleService.swift in Sources */,
				B37DAD4822E8B4EF001DBCD0 /* UserViewController.swift in Sources */,
				B353EAB822F463B20087DE9D /* CentralWebRequestDispatcher.swift in Sources */,
				B37DAD4522E8B494001DBCD0 /* CourseViewController.swift in Sources */,
				B37DAD2F22E8933A001DBCD0 /* ProfileViewControllerProtocol.swift in Sources */,
				B37DAD7222E9FB19001DBCD0 /* DetailedCourseViewController.swift in Sources */,
				B37DAD1E22E88F0C001DBCD0 /* FeedConfigurator.swift in Sources */,
				B37DAD3722E893F1001DBCD0 /* ProfileRouterImpl.swift in Sources */,
				B352943622F8793C00FAC155 /* AppContextImpl.swift in Sources */,
				B37DAD2922E89174001DBCD0 /* ProfileConfigurator.swift in Sources */,
				B353EABA22F4642E0087DE9D /* SecurityService.swift in Sources */,
				B352943A22F8982000FAC155 /* ECNavigationController.swift in Sources */,
				B37DAD7A22EA490D001DBCD0 /* PubSubViewDataSource.swift in Sources */,
				B37DAD4B22E8B566001DBCD0 /* ShortDetailedUserView.swift in Sources */,
				B37DAD1122E88D92001DBCD0 /* ArticleInteractor.swift in Sources */,
				B37DAD0F22E88D17001DBCD0 /* ArticleConfigurator.swift in Sources */,
				B37DAD5822E8E077001DBCD0 /* ArticleComponentRole.swift in Sources */,
				B30C505522F9DE3D0021824A /* CardConfigurator.swift in Sources */,
				B37DAD4322E8B421001DBCD0 /* CourseMarketViewController.swift in Sources */,
				B37DAD7022E9E88D001DBCD0 /* UserService.swift in Sources */,
				B37DAD1C22E88EE8001DBCD0 /* FeedInteractor.swift in Sources */,
				B3386F5C230A169600AF92E8 /* CardViewControllerAnimator.swift in Sources */,
				B37DAD5D22E8E256001DBCD0 /* ArticleComponentView.swift in Sources */,
				B37DAD5B22E8E21C001DBCD0 /* ComponentBuilder.swift in Sources */,
				B37DAD2522E890E9001DBCD0 /* ProfileViewController.swift in Sources */,
				B36FB94822DE603700E996FF /* UIColor.swift in Sources */,
				B3455C9122D8BD9D00478FFF /* AppDelegate.swift in Sources */,
				B3FE5C6C22FF3DD6007888E8 /* Font.swift in Sources */,
				B37DAD3F22E8B1D3001DBCD0 /* SignUpViewController.swift in Sources */,
				B3FE5C6722FE4281007888E8 /* ProfileInformationTableViewCellDelegate.swift in Sources */,
				B37DAD5422E8DE03001DBCD0 /* ArticleMetadata.swift in Sources */,
				B392505622DC81DB008D560A /* FeedViewController.swift in Sources */,
				B37DAD7822EA48BC001DBCD0 /* PubSubViewDelegate.swift in Sources */,
				B37DAD7622EA44F6001DBCD0 /* PubSubStackView.swift in Sources */,
				B37DAD4E22E8B702001DBCD0 /* ShortDetailedArticle.swift in Sources */,
				B37DAD5622E8E011001DBCD0 /* ArticleComponent.swift in Sources */,
				D0BC3262F618DE61BDD9296A /* CardViewController.swift in Sources */,
				D0BC3F9FF673814B63760D62 /* CardPresenter.swift in Sources */,
				D0BC377459A46C92F477C047 /* CardPresenterImpl.swift in Sources */,
				B3FE5C6E23019251007888E8 /* SettingsViewController.swift in Sources */,
				D0BC361BAE165FE07257BD2B /* CardInteractor.swift in Sources */,
				D0BC3A02A0B6B76F29F848D5 /* CardInteractorImpl.swift in Sources */,
				D0BC32B44CB0C68F0C4503BB /* UserProfileInfoCollectionViewCell.swift in Sources */,
				D0BC30B52B0E1571B1949133 /* ProfileInformationTableViewCell.swift in Sources */,
				D0BC36F613F46EC481B45109 /* ECTabBarController.swift in Sources */,
				D0BC33795F9CE53F678B5A57 /* ECViewController.swift in Sources */,
				D0BC3E21741D64EB090A4F0E /* ECTabBar.swift in Sources */,
				D0BC30CBE29ACCBFE841F1BE /* ECTabBarDelegate.swift in Sources */,
				D0BC3CF1053AF538D4D089D4 /* ECTabBarItemDelegate.swift in Sources */,
				D0BC3E973713CA989FD23D41 /* ECTabBarItem.swift in Sources */,
				B3FE5C6522FCD263007888E8 /* User.swift in Sources */,
			);
			runOnlyForDeploymentPostprocessing = 0;
		};
		B3455CA022D8BDA000478FFF /* Sources */ = {
			isa = PBXSourcesBuildPhase;
			buildActionMask = 2147483647;
			files = (
				B3455CA922D8BDA000478FFF /* EducatTests.swift in Sources */,
			);
			runOnlyForDeploymentPostprocessing = 0;
		};
		B3455CAB22D8BDA000478FFF /* Sources */ = {
			isa = PBXSourcesBuildPhase;
			buildActionMask = 2147483647;
			files = (
				B3455CB422D8BDA000478FFF /* EducatUITests.swift in Sources */,
			);
			runOnlyForDeploymentPostprocessing = 0;
		};
/* End PBXSourcesBuildPhase section */

/* Begin PBXTargetDependency section */
		B3455CA622D8BDA000478FFF /* PBXTargetDependency */ = {
			isa = PBXTargetDependency;
			target = B3455C8C22D8BD9D00478FFF /* Educat */;
			targetProxy = B3455CA522D8BDA000478FFF /* PBXContainerItemProxy */;
		};
		B3455CB122D8BDA000478FFF /* PBXTargetDependency */ = {
			isa = PBXTargetDependency;
			target = B3455C8C22D8BD9D00478FFF /* Educat */;
			targetProxy = B3455CB022D8BDA000478FFF /* PBXContainerItemProxy */;
		};
/* End PBXTargetDependency section */

/* Begin PBXVariantGroup section */
		B3455C9C22D8BDA000478FFF /* LaunchScreen.storyboard */ = {
			isa = PBXVariantGroup;
			children = (
				B3455C9D22D8BDA000478FFF /* Base */,
			);
			name = LaunchScreen.storyboard;
			sourceTree = "<group>";
		};
/* End PBXVariantGroup section */

/* Begin XCBuildConfiguration section */
		B3455CB622D8BDA000478FFF /* Debug */ = {
			isa = XCBuildConfiguration;
			buildSettings = {
				ALWAYS_SEARCH_USER_PATHS = NO;
				CLANG_ANALYZER_NONNULL = YES;
				CLANG_ANALYZER_NUMBER_OBJECT_CONVERSION = YES_AGGRESSIVE;
				CLANG_CXX_LANGUAGE_STANDARD = "gnu++14";
				CLANG_CXX_LIBRARY = "libc++";
				CLANG_ENABLE_MODULES = YES;
				CLANG_ENABLE_OBJC_ARC = YES;
				CLANG_ENABLE_OBJC_WEAK = YES;
				CLANG_WARN_BLOCK_CAPTURE_AUTORELEASING = YES;
				CLANG_WARN_BOOL_CONVERSION = YES;
				CLANG_WARN_COMMA = YES;
				CLANG_WARN_CONSTANT_CONVERSION = YES;
				CLANG_WARN_DEPRECATED_OBJC_IMPLEMENTATIONS = YES;
				CLANG_WARN_DIRECT_OBJC_ISA_USAGE = YES_ERROR;
				CLANG_WARN_DOCUMENTATION_COMMENTS = YES;
				CLANG_WARN_EMPTY_BODY = YES;
				CLANG_WARN_ENUM_CONVERSION = YES;
				CLANG_WARN_INFINITE_RECURSION = YES;
				CLANG_WARN_INT_CONVERSION = YES;
				CLANG_WARN_NON_LITERAL_NULL_CONVERSION = YES;
				CLANG_WARN_OBJC_IMPLICIT_RETAIN_SELF = YES;
				CLANG_WARN_OBJC_LITERAL_CONVERSION = YES;
				CLANG_WARN_OBJC_ROOT_CLASS = YES_ERROR;
				CLANG_WARN_RANGE_LOOP_ANALYSIS = YES;
				CLANG_WARN_STRICT_PROTOTYPES = YES;
				CLANG_WARN_SUSPICIOUS_MOVE = YES;
				CLANG_WARN_UNGUARDED_AVAILABILITY = YES_AGGRESSIVE;
				CLANG_WARN_UNREACHABLE_CODE = YES;
				CLANG_WARN__DUPLICATE_METHOD_MATCH = YES;
				CODE_SIGN_IDENTITY = "iPhone Developer";
				COPY_PHASE_STRIP = NO;
				DEBUG_INFORMATION_FORMAT = dwarf;
				ENABLE_STRICT_OBJC_MSGSEND = YES;
				ENABLE_TESTABILITY = YES;
				GCC_C_LANGUAGE_STANDARD = gnu11;
				GCC_DYNAMIC_NO_PIC = NO;
				GCC_NO_COMMON_BLOCKS = YES;
				GCC_OPTIMIZATION_LEVEL = 0;
				GCC_PREPROCESSOR_DEFINITIONS = (
					"DEBUG=1",
					"$(inherited)",
				);
				GCC_WARN_64_TO_32_BIT_CONVERSION = YES;
				GCC_WARN_ABOUT_RETURN_TYPE = YES_ERROR;
				GCC_WARN_UNDECLARED_SELECTOR = YES;
				GCC_WARN_UNINITIALIZED_AUTOS = YES_AGGRESSIVE;
				GCC_WARN_UNUSED_FUNCTION = YES;
				GCC_WARN_UNUSED_VARIABLE = YES;
				IPHONEOS_DEPLOYMENT_TARGET = 12.2;
				MTL_ENABLE_DEBUG_INFO = INCLUDE_SOURCE;
				MTL_FAST_MATH = YES;
				ONLY_ACTIVE_ARCH = YES;
				SDKROOT = iphoneos;
				SWIFT_ACTIVE_COMPILATION_CONDITIONS = DEBUG;
				SWIFT_OPTIMIZATION_LEVEL = "-Onone";
			};
			name = Debug;
		};
		B3455CB722D8BDA000478FFF /* Release */ = {
			isa = XCBuildConfiguration;
			buildSettings = {
				ALWAYS_SEARCH_USER_PATHS = NO;
				CLANG_ANALYZER_NONNULL = YES;
				CLANG_ANALYZER_NUMBER_OBJECT_CONVERSION = YES_AGGRESSIVE;
				CLANG_CXX_LANGUAGE_STANDARD = "gnu++14";
				CLANG_CXX_LIBRARY = "libc++";
				CLANG_ENABLE_MODULES = YES;
				CLANG_ENABLE_OBJC_ARC = YES;
				CLANG_ENABLE_OBJC_WEAK = YES;
				CLANG_WARN_BLOCK_CAPTURE_AUTORELEASING = YES;
				CLANG_WARN_BOOL_CONVERSION = YES;
				CLANG_WARN_COMMA = YES;
				CLANG_WARN_CONSTANT_CONVERSION = YES;
				CLANG_WARN_DEPRECATED_OBJC_IMPLEMENTATIONS = YES;
				CLANG_WARN_DIRECT_OBJC_ISA_USAGE = YES_ERROR;
				CLANG_WARN_DOCUMENTATION_COMMENTS = YES;
				CLANG_WARN_EMPTY_BODY = YES;
				CLANG_WARN_ENUM_CONVERSION = YES;
				CLANG_WARN_INFINITE_RECURSION = YES;
				CLANG_WARN_INT_CONVERSION = YES;
				CLANG_WARN_NON_LITERAL_NULL_CONVERSION = YES;
				CLANG_WARN_OBJC_IMPLICIT_RETAIN_SELF = YES;
				CLANG_WARN_OBJC_LITERAL_CONVERSION = YES;
				CLANG_WARN_OBJC_ROOT_CLASS = YES_ERROR;
				CLANG_WARN_RANGE_LOOP_ANALYSIS = YES;
				CLANG_WARN_STRICT_PROTOTYPES = YES;
				CLANG_WARN_SUSPICIOUS_MOVE = YES;
				CLANG_WARN_UNGUARDED_AVAILABILITY = YES_AGGRESSIVE;
				CLANG_WARN_UNREACHABLE_CODE = YES;
				CLANG_WARN__DUPLICATE_METHOD_MATCH = YES;
				CODE_SIGN_IDENTITY = "iPhone Developer";
				COPY_PHASE_STRIP = NO;
				DEBUG_INFORMATION_FORMAT = "dwarf-with-dsym";
				ENABLE_NS_ASSERTIONS = NO;
				ENABLE_STRICT_OBJC_MSGSEND = YES;
				GCC_C_LANGUAGE_STANDARD = gnu11;
				GCC_NO_COMMON_BLOCKS = YES;
				GCC_WARN_64_TO_32_BIT_CONVERSION = YES;
				GCC_WARN_ABOUT_RETURN_TYPE = YES_ERROR;
				GCC_WARN_UNDECLARED_SELECTOR = YES;
				GCC_WARN_UNINITIALIZED_AUTOS = YES_AGGRESSIVE;
				GCC_WARN_UNUSED_FUNCTION = YES;
				GCC_WARN_UNUSED_VARIABLE = YES;
				IPHONEOS_DEPLOYMENT_TARGET = 12.2;
				MTL_ENABLE_DEBUG_INFO = NO;
				MTL_FAST_MATH = YES;
				SDKROOT = iphoneos;
				SWIFT_COMPILATION_MODE = wholemodule;
				SWIFT_OPTIMIZATION_LEVEL = "-O";
				VALIDATE_PRODUCT = YES;
			};
			name = Release;
		};
		B3455CB922D8BDA000478FFF /* Debug */ = {
			isa = XCBuildConfiguration;
			baseConfigurationReference = 0DBE4F884695008F11CFE1E0 /* Pods-Educat.debug.xcconfig */;
			buildSettings = {
				ASSETCATALOG_COMPILER_APPICON_NAME = AppIcon;
				CODE_SIGN_STYLE = Automatic;
				DEVELOPMENT_TEAM = 8FV85LJA7H;
				INFOPLIST_FILE = Educat/Info.plist;
				LD_RUNPATH_SEARCH_PATHS = (
					"$(inherited)",
					"@executable_path/Frameworks",
				);
				PRODUCT_BUNDLE_IDENTIFIER = obrazovarium.Educat;
				PRODUCT_NAME = "$(TARGET_NAME)";
				SWIFT_VERSION = 5.0;
				TARGETED_DEVICE_FAMILY = 1;
			};
			name = Debug;
		};
		B3455CBA22D8BDA000478FFF /* Release */ = {
			isa = XCBuildConfiguration;
			baseConfigurationReference = 5D01938E46839DD157452C9A /* Pods-Educat.release.xcconfig */;
			buildSettings = {
				ASSETCATALOG_COMPILER_APPICON_NAME = AppIcon;
				CODE_SIGN_STYLE = Automatic;
				DEVELOPMENT_TEAM = 8FV85LJA7H;
				INFOPLIST_FILE = Educat/Info.plist;
				LD_RUNPATH_SEARCH_PATHS = (
					"$(inherited)",
					"@executable_path/Frameworks",
				);
				PRODUCT_BUNDLE_IDENTIFIER = obrazovarium.Educat;
				PRODUCT_NAME = "$(TARGET_NAME)";
				SWIFT_VERSION = 5.0;
				TARGETED_DEVICE_FAMILY = 1;
			};
			name = Release;
		};
		B3455CBC22D8BDA000478FFF /* Debug */ = {
			isa = XCBuildConfiguration;
			baseConfigurationReference = CE7710BE3515F9BB690871A0 /* Pods-EducatTests.debug.xcconfig */;
			buildSettings = {
				ALWAYS_EMBED_SWIFT_STANDARD_LIBRARIES = YES;
				BUNDLE_LOADER = "$(TEST_HOST)";
				CODE_SIGN_STYLE = Automatic;
				INFOPLIST_FILE = EducatTests/Info.plist;
				LD_RUNPATH_SEARCH_PATHS = (
					"$(inherited)",
					"@executable_path/Frameworks",
					"@loader_path/Frameworks",
				);
				PRODUCT_BUNDLE_IDENTIFIER = obrazovarium.EducatTests;
				PRODUCT_NAME = "$(TARGET_NAME)";
				SWIFT_VERSION = 5.0;
				TARGETED_DEVICE_FAMILY = "1,2";
				TEST_HOST = "$(BUILT_PRODUCTS_DIR)/Educat.app/Educat";
			};
			name = Debug;
		};
		B3455CBD22D8BDA000478FFF /* Release */ = {
			isa = XCBuildConfiguration;
			baseConfigurationReference = 0E9A083B55AE4A01C9D357DA /* Pods-EducatTests.release.xcconfig */;
			buildSettings = {
				ALWAYS_EMBED_SWIFT_STANDARD_LIBRARIES = YES;
				BUNDLE_LOADER = "$(TEST_HOST)";
				CODE_SIGN_STYLE = Automatic;
				INFOPLIST_FILE = EducatTests/Info.plist;
				LD_RUNPATH_SEARCH_PATHS = (
					"$(inherited)",
					"@executable_path/Frameworks",
					"@loader_path/Frameworks",
				);
				PRODUCT_BUNDLE_IDENTIFIER = obrazovarium.EducatTests;
				PRODUCT_NAME = "$(TARGET_NAME)";
				SWIFT_VERSION = 5.0;
				TARGETED_DEVICE_FAMILY = "1,2";
				TEST_HOST = "$(BUILT_PRODUCTS_DIR)/Educat.app/Educat";
			};
			name = Release;
		};
		B3455CBF22D8BDA000478FFF /* Debug */ = {
			isa = XCBuildConfiguration;
			baseConfigurationReference = 23DC27A14E3AD5B57B27B32D /* Pods-EducatUITests.debug.xcconfig */;
			buildSettings = {
				ALWAYS_EMBED_SWIFT_STANDARD_LIBRARIES = YES;
				CODE_SIGN_STYLE = Automatic;
				INFOPLIST_FILE = EducatUITests/Info.plist;
				LD_RUNPATH_SEARCH_PATHS = (
					"$(inherited)",
					"@executable_path/Frameworks",
					"@loader_path/Frameworks",
				);
				PRODUCT_BUNDLE_IDENTIFIER = obrazovarium.EducatUITests;
				PRODUCT_NAME = "$(TARGET_NAME)";
				SWIFT_VERSION = 5.0;
				TARGETED_DEVICE_FAMILY = "1,2";
				TEST_TARGET_NAME = Educat;
			};
			name = Debug;
		};
		B3455CC022D8BDA000478FFF /* Release */ = {
			isa = XCBuildConfiguration;
			baseConfigurationReference = 701913FD4A2A74E6C554243A /* Pods-EducatUITests.release.xcconfig */;
			buildSettings = {
				ALWAYS_EMBED_SWIFT_STANDARD_LIBRARIES = YES;
				CODE_SIGN_STYLE = Automatic;
				INFOPLIST_FILE = EducatUITests/Info.plist;
				LD_RUNPATH_SEARCH_PATHS = (
					"$(inherited)",
					"@executable_path/Frameworks",
					"@loader_path/Frameworks",
				);
				PRODUCT_BUNDLE_IDENTIFIER = obrazovarium.EducatUITests;
				PRODUCT_NAME = "$(TARGET_NAME)";
				SWIFT_VERSION = 5.0;
				TARGETED_DEVICE_FAMILY = "1,2";
				TEST_TARGET_NAME = Educat;
			};
			name = Release;
		};
/* End XCBuildConfiguration section */

/* Begin XCConfigurationList section */
		B3455C8822D8BD9D00478FFF /* Build configuration list for PBXProject "Educat" */ = {
			isa = XCConfigurationList;
			buildConfigurations = (
				B3455CB622D8BDA000478FFF /* Debug */,
				B3455CB722D8BDA000478FFF /* Release */,
			);
			defaultConfigurationIsVisible = 0;
			defaultConfigurationName = Release;
		};
		B3455CB822D8BDA000478FFF /* Build configuration list for PBXNativeTarget "Educat" */ = {
			isa = XCConfigurationList;
			buildConfigurations = (
				B3455CB922D8BDA000478FFF /* Debug */,
				B3455CBA22D8BDA000478FFF /* Release */,
			);
			defaultConfigurationIsVisible = 0;
			defaultConfigurationName = Release;
		};
		B3455CBB22D8BDA000478FFF /* Build configuration list for PBXNativeTarget "EducatTests" */ = {
			isa = XCConfigurationList;
			buildConfigurations = (
				B3455CBC22D8BDA000478FFF /* Debug */,
				B3455CBD22D8BDA000478FFF /* Release */,
			);
			defaultConfigurationIsVisible = 0;
			defaultConfigurationName = Release;
		};
		B3455CBE22D8BDA000478FFF /* Build configuration list for PBXNativeTarget "EducatUITests" */ = {
			isa = XCConfigurationList;
			buildConfigurations = (
				B3455CBF22D8BDA000478FFF /* Debug */,
				B3455CC022D8BDA000478FFF /* Release */,
			);
			defaultConfigurationIsVisible = 0;
			defaultConfigurationName = Release;
		};
/* End XCConfigurationList section */
	};
	rootObject = B3455C8522D8BD9D00478FFF /* Project object */;
}
